lockfileVersion: '9.0'

settings:
  autoInstallPeers: true
  excludeLinksFromLockfile: false

importers:

  .:
    devDependencies:
      '@biomejs/biome':
        specifier: ^2.0.5
        version: 2.0.5
      build-number-generator:
        specifier: 'link:'
        version: 'link:'
      c8:
        specifier: ^10.1.3
        version: 10.1.3
      rollup:
        specifier: ^4.44.1
        version: 4.44.1
      rollup-plugin-cleanup:
        specifier: ^3.2.1
        version: 3.2.1(rollup@4.44.1)
      rollup-plugin-swc-minify:
        specifier: ^1.3.0
        version: 1.3.0(rollup@4.44.1)
      sprintf-js:
        specifier: ^1.1.3
        version: 1.1.3
      tehanu:
        specifier: ^1.0.1
        version: 1.0.1
      tehanu-repo-coco:
        specifier: ^1.0.1
        version: 1.0.1
      tehanu-teru:
        specifier: ^1.0.1
        version: 1.0.1(tehanu@1.0.1)
      typescript:
        specifier: ^5.8.3
        version: 5.8.3

packages:

  '@bcoe/v8-coverage@1.0.2':
    resolution: {integrity: sha512-6zABk/ECA/QYSCQ1NGiVwwbQerUCZ+TQbp64Q3AgmfNvurHH0j8TtXa1qbShXA6qqkpAj4V5W8pP6mLe1mcMqA==}
    engines: {node: '>=18'}

  '@biomejs/biome@2.0.5':
    resolution: {integrity: sha512-MztFGhE6cVjf3QmomWu83GpTFyWY8KIcskgRf2AqVEMSH4qI4rNdBLdpAQ11TNK9pUfLGz3IIOC1ZYwgBePtig==}
    engines: {node: '>=14.21.3'}
    hasBin: true

  '@biomejs/cli-darwin-arm64@2.0.5':
    resolution: {integrity: sha512-VIIWQv9Rcj9XresjCf3isBFfWjFStsdGZvm8SmwJzKs/22YQj167ge7DkxuaaZbNf2kmYif0AcjAKvtNedEoEw==}
    engines: {node: '>=14.21.3'}
    cpu: [arm64]
    os: [darwin]

  '@biomejs/cli-darwin-x64@2.0.5':
    resolution: {integrity: sha512-DRpGxBgf5Z7HUFcNUB6n66UiD4VlBlMpngNf32wPraxX8vYU6N9cb3xQWOXIQVBBQ64QfsSLJnjNu79i/LNmSg==}
    engines: {node: '>=14.21.3'}
    cpu: [x64]
    os: [darwin]

  '@biomejs/cli-linux-arm64-musl@2.0.5':
    resolution: {integrity: sha512-OpflTCOw/ElEs7QZqN/HFaSViPHjAsAPxFJ22LhWUWvuJgcy/Z8+hRV0/3mk/ZRWy5A6fCDKHZqAxU+xB6W4mA==}
    engines: {node: '>=14.21.3'}
    cpu: [arm64]
    os: [linux]

  '@biomejs/cli-linux-arm64@2.0.5':
    resolution: {integrity: sha512-FQTfDNMXOknf8+g9Eede2daaduRjTC2SNbfWPNFMadN9K3UKjeZ62jwiYxztPaz9zQQsZU8VbddQIaeQY5CmIA==}
    engines: {node: '>=14.21.3'}
    cpu: [arm64]
    os: [linux]

  '@biomejs/cli-linux-x64-musl@2.0.5':
    resolution: {integrity: sha512-9lmjCnajAzpZXbav2P6D87ugkhnaDpJtDvOH5uQbY2RXeW6Rq18uOUltxgacGBP+d8GusTr+s3IFOu7SN0Ok8g==}
    engines: {node: '>=14.21.3'}
    cpu: [x64]
    os: [linux]

  '@biomejs/cli-linux-x64@2.0.5':
    resolution: {integrity: sha512-znpfydUDPuDkyBTulnODrQVK2FaG/4hIOPcQSsF2GeauQOYrBAOplj0etGB0NUrr0dFsvaQ15nzDXYb60ACoiw==}
    engines: {node: '>=14.21.3'}
    cpu: [x64]
    os: [linux]

  '@biomejs/cli-win32-arm64@2.0.5':
    resolution: {integrity: sha512-CP2wKQB+gh8HdJTFKYRFETqReAjxlcN9AlYDEoye8v2eQp+L9v+PUeDql/wsbaUhSsLR0sjj3PtbBtt+02AN3A==}
    engines: {node: '>=14.21.3'}
    cpu: [arm64]
    os: [win32]

  '@biomejs/cli-win32-x64@2.0.5':
    resolution: {integrity: sha512-Sw3rz2m6bBADeQpr3+MD7Ch4E1l15DTt/+dfqKnwkm3cn4BrYwnArmvKeZdVsFRDjMyjlKIP88bw1r7o+9aqzw==}
    engines: {node: '>=14.21.3'}
    cpu: [x64]
    os: [win32]

  '@isaacs/cliui@8.0.2':
    resolution: {integrity: sha512-O8jcjabXaleOG9DQ0+ARXWZBTfnP4WNAqzuiJK7ll44AmxGKv/J2M4TPjxjY3znBCfvBXFzucm1twdyFybFqEA==}
    engines: {node: '>=12'}

  '@istanbuljs/schema@0.1.3':
    resolution: {integrity: sha512-ZXRY4jNvVgSVQ8DL3LTcakaAtXwTVUxE81hslsyD2AtoXW/wVob10HkOJ1X/pAlcI7D+2YoZKg5do8G/w6RYgA==}
    engines: {node: '>=8'}

  '@jridgewell/resolve-uri@3.1.2':
    resolution: {integrity: sha512-bRISgCIjP20/tbWSPWMEi54QVPRZExkuD9lJL+UIxUKtwVJA8wW1Trb1jMs1RFXo1CBTNZ/5hpC9QvmKWdopKw==}
    engines: {node: '>=6.0.0'}

  '@jridgewell/sourcemap-codec@1.5.0':
    resolution: {integrity: sha512-gv3ZRaISU3fjPAgNsriBRqGWQL6quFx04YMPW/zD8XMLsU32mhCCbfbO6KZFLjvYpCZ8zyDEgqsgf+PwPaM7GQ==}

  '@jridgewell/trace-mapping@0.3.25':
    resolution: {integrity: sha512-vNk6aEwybGtawWmy/PzwnGDOjCkLWSD2wqvjGGAgOAwCGWySYXfYoxt00IJkTF+8Lb57DwOb3Aa0o9CApepiYQ==}

  '@pkgjs/parseargs@0.11.0':
    resolution: {integrity: sha512-+1VkjdD0QBLPodGrJUeqarH8VAIvQODIbwh9XpP5Syisf7YoQgsJKPNFoqqLQlu+VQ/tVSshMR6loPMn8U+dPg==}
    engines: {node: '>=14'}

  '@rollup/rollup-android-arm-eabi@4.44.1':
    resolution: {integrity: sha512-JAcBr1+fgqx20m7Fwe1DxPUl/hPkee6jA6Pl7n1v2EFiktAHenTaXl5aIFjUIEsfn9w3HE4gK1lEgNGMzBDs1w==}
    cpu: [arm]
    os: [android]

  '@rollup/rollup-android-arm64@4.44.1':
    resolution: {integrity: sha512-RurZetXqTu4p+G0ChbnkwBuAtwAbIwJkycw1n6GvlGlBuS4u5qlr5opix8cBAYFJgaY05TWtM+LaoFggUmbZEQ==}
    cpu: [arm64]
    os: [android]

  '@rollup/rollup-darwin-arm64@4.44.1':
    resolution: {integrity: sha512-fM/xPesi7g2M7chk37LOnmnSTHLG/v2ggWqKj3CCA1rMA4mm5KVBT1fNoswbo1JhPuNNZrVwpTvlCVggv8A2zg==}
    cpu: [arm64]
    os: [darwin]

  '@rollup/rollup-darwin-x64@4.44.1':
    resolution: {integrity: sha512-gDnWk57urJrkrHQ2WVx9TSVTH7lSlU7E3AFqiko+bgjlh78aJ88/3nycMax52VIVjIm3ObXnDL2H00e/xzoipw==}
    cpu: [x64]
    os: [darwin]

  '@rollup/rollup-freebsd-arm64@4.44.1':
    resolution: {integrity: sha512-wnFQmJ/zPThM5zEGcnDcCJeYJgtSLjh1d//WuHzhf6zT3Md1BvvhJnWoy+HECKu2bMxaIcfWiu3bJgx6z4g2XA==}
    cpu: [arm64]
    os: [freebsd]

  '@rollup/rollup-freebsd-x64@4.44.1':
    resolution: {integrity: sha512-uBmIxoJ4493YATvU2c0upGz87f99e3wop7TJgOA/bXMFd2SvKCI7xkxY/5k50bv7J6dw1SXT4MQBQSLn8Bb/Uw==}
    cpu: [x64]
    os: [freebsd]

  '@rollup/rollup-linux-arm-gnueabihf@4.44.1':
    resolution: {integrity: sha512-n0edDmSHlXFhrlmTK7XBuwKlG5MbS7yleS1cQ9nn4kIeW+dJH+ExqNgQ0RrFRew8Y+0V/x6C5IjsHrJmiHtkxQ==}
    cpu: [arm]
    os: [linux]

  '@rollup/rollup-linux-arm-musleabihf@4.44.1':
    resolution: {integrity: sha512-8WVUPy3FtAsKSpyk21kV52HCxB+me6YkbkFHATzC2Yd3yuqHwy2lbFL4alJOLXKljoRw08Zk8/xEj89cLQ/4Nw==}
    cpu: [arm]
    os: [linux]

  '@rollup/rollup-linux-arm64-gnu@4.44.1':
    resolution: {integrity: sha512-yuktAOaeOgorWDeFJggjuCkMGeITfqvPgkIXhDqsfKX8J3jGyxdDZgBV/2kj/2DyPaLiX6bPdjJDTu9RB8lUPQ==}
    cpu: [arm64]
    os: [linux]

  '@rollup/rollup-linux-arm64-musl@4.44.1':
    resolution: {integrity: sha512-W+GBM4ifET1Plw8pdVaecwUgxmiH23CfAUj32u8knq0JPFyK4weRy6H7ooxYFD19YxBulL0Ktsflg5XS7+7u9g==}
    cpu: [arm64]
    os: [linux]

  '@rollup/rollup-linux-loongarch64-gnu@4.44.1':
    resolution: {integrity: sha512-1zqnUEMWp9WrGVuVak6jWTl4fEtrVKfZY7CvcBmUUpxAJ7WcSowPSAWIKa/0o5mBL/Ij50SIf9tuirGx63Ovew==}
    cpu: [loong64]
    os: [linux]

  '@rollup/rollup-linux-powerpc64le-gnu@4.44.1':
    resolution: {integrity: sha512-Rl3JKaRu0LHIx7ExBAAnf0JcOQetQffaw34T8vLlg9b1IhzcBgaIdnvEbbsZq9uZp3uAH+JkHd20Nwn0h9zPjA==}
    cpu: [ppc64]
    os: [linux]

  '@rollup/rollup-linux-riscv64-gnu@4.44.1':
    resolution: {integrity: sha512-j5akelU3snyL6K3N/iX7otLBIl347fGwmd95U5gS/7z6T4ftK288jKq3A5lcFKcx7wwzb5rgNvAg3ZbV4BqUSw==}
    cpu: [riscv64]
    os: [linux]

  '@rollup/rollup-linux-riscv64-musl@4.44.1':
    resolution: {integrity: sha512-ppn5llVGgrZw7yxbIm8TTvtj1EoPgYUAbfw0uDjIOzzoqlZlZrLJ/KuiE7uf5EpTpCTrNt1EdtzF0naMm0wGYg==}
    cpu: [riscv64]
    os: [linux]

  '@rollup/rollup-linux-s390x-gnu@4.44.1':
    resolution: {integrity: sha512-Hu6hEdix0oxtUma99jSP7xbvjkUM/ycke/AQQ4EC5g7jNRLLIwjcNwaUy95ZKBJJwg1ZowsclNnjYqzN4zwkAw==}
    cpu: [s390x]
    os: [linux]

  '@rollup/rollup-linux-x64-gnu@4.44.1':
    resolution: {integrity: sha512-EtnsrmZGomz9WxK1bR5079zee3+7a+AdFlghyd6VbAjgRJDbTANJ9dcPIPAi76uG05micpEL+gPGmAKYTschQw==}
    cpu: [x64]
    os: [linux]

  '@rollup/rollup-linux-x64-musl@4.44.1':
    resolution: {integrity: sha512-iAS4p+J1az6Usn0f8xhgL4PaU878KEtutP4hqw52I4IO6AGoyOkHCxcc4bqufv1tQLdDWFx8lR9YlwxKuv3/3g==}
    cpu: [x64]
    os: [linux]

  '@rollup/rollup-win32-arm64-msvc@4.44.1':
    resolution: {integrity: sha512-NtSJVKcXwcqozOl+FwI41OH3OApDyLk3kqTJgx8+gp6On9ZEt5mYhIsKNPGuaZr3p9T6NWPKGU/03Vw4CNU9qg==}
    cpu: [arm64]
    os: [win32]

  '@rollup/rollup-win32-ia32-msvc@4.44.1':
    resolution: {integrity: sha512-JYA3qvCOLXSsnTR3oiyGws1Dm0YTuxAAeaYGVlGpUsHqloPcFjPg+X0Fj2qODGLNwQOAcCiQmHub/V007kiH5A==}
    cpu: [ia32]
    os: [win32]

  '@rollup/rollup-win32-x64-msvc@4.44.1':
    resolution: {integrity: sha512-J8o22LuF0kTe7m+8PvW9wk3/bRq5+mRo5Dqo6+vXb7otCm3TPhYOJqOaQtGU9YMWQSL3krMnoOxMr0+9E6F3Ug==}
    cpu: [x64]
    os: [win32]

  '@swc/core-darwin-arm64@1.12.7':
    resolution: {integrity: sha512-w6BBT0hBRS56yS+LbReVym0h+iB7/PpCddqrn1ha94ra4rZ4R/A91A/rkv+LnQlPqU/+fhqdlXtCJU9mrhCBtA==}
    engines: {node: '>=10'}
    cpu: [arm64]
    os: [darwin]

  '@swc/core-darwin-x64@1.12.7':
    resolution: {integrity: sha512-jN6LhFfGOpm4DY2mXPgwH4aa9GLOwublwMVFFZ/bGnHYYCRitLZs9+JWBbyWs7MyGcA246Ew+EREx36KVEAxjA==}
    engines: {node: '>=10'}
    cpu: [x64]
    os: [darwin]

  '@swc/core-linux-arm-gnueabihf@1.12.7':
    resolution: {integrity: sha512-rHn8XXi7G2StEtZRAeJ6c7nhJPDnqsHXmeNrAaYwk8Tvpa6ZYG2nT9E1OQNXj1/dfbSFTjdiA8M8ZvGYBlpBoA==}
    engines: {node: '>=10'}
    cpu: [arm]
    os: [linux]

  '@swc/core-linux-arm64-gnu@1.12.7':
    resolution: {integrity: sha512-N15hKizSSh+hkZ2x3TDVrxq0TDcbvDbkQJi2ZrLb9fK+NdFUV/x+XF16ZDPlbxtrGXl1CT7VD439SNaMN9F7qw==}
    engines: {node: '>=10'}
    cpu: [arm64]
    os: [linux]

  '@swc/core-linux-arm64-musl@1.12.7':
    resolution: {integrity: sha512-jxyINtBezpxd3eIUDiDXv7UQ87YWlPsM9KumOwJk09FkFSO4oYxV2RT+Wu+Nt5tVWue4N0MdXT/p7SQsDEk4YA==}
    engines: {node: '>=10'}
    cpu: [arm64]
    os: [linux]

  '@swc/core-linux-x64-gnu@1.12.7':
    resolution: {integrity: sha512-PR4tPVwU1BQBfFDk2XfzXxsEIjF3x/bOV1BzZpYvrlkU0TKUDbR4t2wzvsYwD/coW7/yoQmlL70/qnuPtTp1Zw==}
    engines: {node: '>=10'}
    cpu: [x64]
    os: [linux]

  '@swc/core-linux-x64-musl@1.12.7':
    resolution: {integrity: sha512-zy7JWfQtQItgMfUjSbbcS3DZqQUn2d9VuV0LSGpJxtTXwgzhRpF1S2Sj7cU9hGpbM27Y8RJ4DeFb3qbAufjbrw==}
    engines: {node: '>=10'}
    cpu: [x64]
    os: [linux]

  '@swc/core-win32-arm64-msvc@1.12.7':
    resolution: {integrity: sha512-52PeF0tyX04ZFD8nibNhy/GjMFOZWTEWPmIB3wpD1vIJ1po+smtBnEdRRll5WIXITKoiND8AeHlBNBPqcsdcwA==}
    engines: {node: '>=10'}
    cpu: [arm64]
    os: [win32]

  '@swc/core-win32-ia32-msvc@1.12.7':
    resolution: {integrity: sha512-WzQwkNMuhB1qQShT9uUgz/mX2j7NIEPExEtzvGsBT7TlZ9j1kGZ8NJcZH/fwOFcSJL4W7DnkL7nAhx6DBlSPaA==}
    engines: {node: '>=10'}
    cpu: [ia32]
    os: [win32]

  '@swc/core-win32-x64-msvc@1.12.7':
    resolution: {integrity: sha512-R52ivBi2lgjl+Bd3XCPum0YfgbZq/W1AUExITysddP9ErsNSwnreYyNB3exEijiazWGcqHEas2ChiuMOP7NYrA==}
    engines: {node: '>=10'}
    cpu: [x64]
    os: [win32]

  '@swc/core@1.12.7':
    resolution: {integrity: sha512-bcpllEihyUSnqp0UtXTvXc19CT4wp3tGWLENhWnjr4B5iEOkzqMu+xHGz1FI5IBatjfqOQb29tgIfv6IL05QaA==}
    engines: {node: '>=10'}
    peerDependencies:
      '@swc/helpers': '>=0.5.17'
    peerDependenciesMeta:
      '@swc/helpers':
        optional: true

  '@swc/counter@0.1.3':
    resolution: {integrity: sha512-e2BR4lsJkkRlKZ/qCHPw9ZaSxc0MVUd7gtbtaB7aMvHeJVYe8sOB8DBZkP2DtISHGSku9sCK6T6cnY0CtXrOCQ==}

  '@swc/types@0.1.23':
    resolution: {integrity: sha512-u1iIVZV9Q0jxY+yM2vw/hZGDNudsN85bBpTqzAQ9rzkxW9D+e3aEM4Han+ow518gSewkXgjmEK0BD79ZcNVgPw==}

  '@types/estree@1.0.8':
    resolution: {integrity: sha512-dWHzHa2WqEXI/O1E9OjrocMTKJl2mSrEolh1Iomrv6U+JuNwaHXsXx9bLu5gG7BUWFIN0skIQJQ/L1rIex4X6w==}

  '@types/istanbul-lib-coverage@2.0.6':
    resolution: {integrity: sha512-2QF/t/auWm0lsy8XtKVPG19v3sSOQlJe/YHZgfjb/KBBHOGSV+J2q/S671rcq9uTBrLAXmZpqJiaQbMT+zNU1w==}

  ansi-regex@5.0.1:
    resolution: {integrity: sha512-quJQXlTSUGL2LH9SUXo8VwsY4soanhgo6LNSm84E1LBcE8s3O0wpdiRzyR9z/ZZJMlMWv37qOOb9pdJlMUEKFQ==}
    engines: {node: '>=8'}

  ansi-regex@6.1.0:
    resolution: {integrity: sha512-7HSX4QQb4CspciLpVFwyRe79O3xsIZDDLER21kERQ71oaPodF8jL725AgJMFAYbooIqolJoRLuM81SpeUkpkvA==}
    engines: {node: '>=12'}

  ansi-styles@4.3.0:
    resolution: {integrity: sha512-zbB9rCJAT1rbjiVDb2hqKFHNYLxgtk8NURxZ3IZwD3F6NtxbXZQCnnSi1Lkx+IDohdPlFp222wVALIheZJQSEg==}
    engines: {node: '>=8'}

  ansi-styles@6.2.1:
    resolution: {integrity: sha512-bN798gFfQX+viw3R7yrGWRqnrN2oRkEkUjjl4JNn4E8GxxbjtG3FbrEIIY3l8/hrwUwIeCZvi4QuOTP4MErVug==}
    engines: {node: '>=12'}

  balanced-match@1.0.2:
    resolution: {integrity: sha512-3oSeUO0TMV67hN1AmbXsK4yaqU7tjiHlbxRDZOpH0KW9+CeX4bRAaX0Anxt0tx2MrpRpWwQaPwIlISEJhYU5Pw==}

  brace-expansion@2.0.2:
    resolution: {integrity: sha512-Jt0vHyM+jmUBqojB7E1NIYadt0vI0Qxjxd2TErW94wDz+E2LAm5vKMXXwg6ZZBTHPuUlDgQHKXvjGBdfcF1ZDQ==}

  c8@10.1.3:
    resolution: {integrity: sha512-LvcyrOAaOnrrlMpW22n690PUvxiq4Uf9WMhQwNJ9vgagkL/ph1+D4uvjvDA5XCbykrc0sx+ay6pVi9YZ1GnhyA==}
    engines: {node: '>=18'}
    hasBin: true
    peerDependencies:
      monocart-coverage-reports: ^2
    peerDependenciesMeta:
      monocart-coverage-reports:
        optional: true

  cliui@8.0.1:
    resolution: {integrity: sha512-BSeNnyus75C4//NQ9gQt1/csTXyo/8Sb+afLAkzAptFuMsod9HFokGNudZpi/oQV73hnVK+sR+5PVRMd+Dr7YQ==}
    engines: {node: '>=12'}

  color-convert@2.0.1:
    resolution: {integrity: sha512-RRECPsj7iu/xb5oKYcsFHSppFNnsj/52OVTRKb4zP5onXwVF3zVmmToNcOfGC+CRDpfK/U584fMg38ZHCaElKQ==}
    engines: {node: '>=7.0.0'}

  color-name@1.1.4:
    resolution: {integrity: sha512-dOy+3AuW3a2wNbZHIuMZpTcgjGuLU/uBL/ubcZF9OXbDo8ff4O8yVp5Bf0efS8uEoYo5q4Fx7dY9OgQGXgAsQA==}

  convert-source-map@2.0.0:
    resolution: {integrity: sha512-Kvp459HrV2FEJ1CAsi1Ku+MY3kasH19TFykTz2xWmMeq6bk2NU3XXvfJ+Q61m0xktWwt+1HSYf3JZsTms3aRJg==}

  cross-spawn@7.0.6:
    resolution: {integrity: sha512-uV2QOWP2nWzsy2aMp8aRibhi9dlzF5Hgh5SHaB9OiTGEyDTiJJyx0uy51QXdyWbtAHNua4XJzUKca3OzKUd3vA==}
    engines: {node: '>= 8'}

  eastasianwidth@0.2.0:
    resolution: {integrity: sha512-I88TYZWc9XiYHRQ4/3c5rjjfgkjhLyW2luGIheGERbNQ6OY7yTybanSpDXZa8y7VUP9YmDcYa+eyq4ca7iLqWA==}

  emoji-regex@8.0.0:
    resolution: {integrity: sha512-MSjYzcWNOA0ewAHpz0MxpYFvwg6yjy1NG3xteoqz644VCo/RPgnr1/GGt+ic3iJTzQ8Eu3TdM14SawnVUmGE6A==}

  emoji-regex@9.2.2:
    resolution: {integrity: sha512-L18DaJsXSUk2+42pv8mLs5jJT2hqFkFE4j21wOmgbUqsZ2hL72NsUU785g9RXgo3s0ZNgVl42TiHp3ZtOv/Vyg==}

  escalade@3.2.0:
    resolution: {integrity: sha512-WUj2qlxaQtO4g6Pq5c29GTcWGDyd8itL8zTlipgECz3JesAiiOKotd8JU6otB3PACgG6xkJUyVhboMS+bje/jA==}
    engines: {node: '>=6'}

  estree-walker@0.6.1:
    resolution: {integrity: sha512-SqmZANLWS0mnatqbSfRP5g8OXZC12Fgg1IwNtLsyHDzJizORW4khDfjPqJZsemPWBB2uqykUah5YpQ6epsqC/w==}

  find-up@5.0.0:
    resolution: {integrity: sha512-78/PXT1wlLLDgTzDs7sjq9hzz0vXD+zn+7wypEe4fXQxCmdmqfGsEPQxmiCSQI3ajFV91bVSsvNtrJRiW6nGng==}
    engines: {node: '>=10'}

  foreground-child@3.3.1:
    resolution: {integrity: sha512-gIXjKqtFuWEgzFRJA9WCQeSJLZDjgJUOMCMzxtvFq/37KojM1BFGufqsCy0r4qSQmYLsZYMeyRqzIWOMup03sw==}
    engines: {node: '>=14'}

  fsevents@2.3.3:
    resolution: {integrity: sha512-5xoDfX+fL7faATnagmWPpbFtwh/R77WmMMqqHGS65C3vvB0YHrgF+B1YmZ3441tMj5n63k0212XNoJwzlhffQw==}
    engines: {node: ^8.16.0 || ^10.6.0 || >=11.0.0}
    os: [darwin]

  get-caller-file@2.0.5:
    resolution: {integrity: sha512-DyFP3BM/3YHTQOCUL/w0OZHR0lpKeGrxotcHWcqNEdnltqFwXVfhEBQ94eIo34AfQpo0rGki4cyIiftY06h2Fg==}
    engines: {node: 6.* || 8.* || >= 10.*}

  glob@10.4.5:
    resolution: {integrity: sha512-7Bv8RF0k6xjo7d4A/PxYLbUCfb6c+Vpd2/mB2yRDlew7Jb5hEXiCD9ibfO7wpk8i4sevK6DFny9h7EYbM3/sHg==}
    hasBin: true

  globalyzer@0.1.0:
    resolution: {integrity: sha512-40oNTM9UfG6aBmuKxk/giHn5nQ8RVz/SS4Ir6zgzOv9/qC3kKZ9v4etGTcJbEl/NyVQH7FGU7d+X1egr57Md2Q==}

  globrex@0.1.2:
    resolution: {integrity: sha512-uHJgbwAMwNFf5mLst7IWLNg14x1CkeqglJb/K3doi4dw6q2IvAAmM/Y81kevy83wP+Sst+nutFTYOGg3d1lsxg==}

  has-flag@4.0.0:
    resolution: {integrity: sha512-EykJT/Q1KjTWctppgIAgfSO0tKVuZUjhgMr17kqTumMl6Afv3EISleU7qZUzoXDFTAHTDC4NOoG/ZxU3EvlMPQ==}
    engines: {node: '>=8'}

  html-escaper@2.0.2:
    resolution: {integrity: sha512-H2iMtd0I4Mt5eYiapRdIDjp+XzelXQ0tFE4JS7YFwFevXXMmOp9myNrUvCg0D6ws8iqkRPBfKHgbwig1SmlLfg==}

  is-fullwidth-code-point@3.0.0:
    resolution: {integrity: sha512-zymm5+u+sCsSWyD9qNaejV3DFvhCKclKdizYaJUuHA83RLjb7nSuGnddCHGv0hk+KY7BMAlsWeK4Ueg6EV6XQg==}
    engines: {node: '>=8'}

  isexe@2.0.0:
    resolution: {integrity: sha512-RHxMLp9lnKHGHRng9QFhRCMbYAcVpn69smSGcq3f36xjgVVWThj4qqLbTLlq7Ssj8B+fIQ1EuCEGI2lKsyQeIw==}

  istanbul-lib-coverage@3.2.2:
    resolution: {integrity: sha512-O8dpsF+r0WV/8MNRKfnmrtCWhuKjxrq2w+jpzBL5UZKTi2LeVWnWOmWRxFlesJONmc+wLAGvKQZEOanko0LFTg==}
    engines: {node: '>=8'}

  istanbul-lib-report@3.0.1:
    resolution: {integrity: sha512-GCfE1mtsHGOELCU8e/Z7YWzpmybrx/+dSTfLrvY8qRmaY6zXTKWn6WQIjaAFw069icm6GVMNkgu0NzI4iPZUNw==}
    engines: {node: '>=10'}

  istanbul-reports@3.1.7:
    resolution: {integrity: sha512-BewmUXImeuRk2YY0PVbxgKAysvhRPUQE0h5QRM++nVWyubKGV0l8qQ5op8+B2DOmwSe63Jivj0BjkPQVf8fP5g==}
    engines: {node: '>=8'}

  jackspeak@3.4.3:
    resolution: {integrity: sha512-OGlZQpz2yfahA/Rd1Y8Cd9SIEsqvXkLVoSw/cgwhnhFMDbsQFeZYoJJ7bIZBS9BcamUW96asq/npPWugM+RQBw==}

  js-cleanup@1.2.0:
    resolution: {integrity: sha512-JeDD0yiiSt80fXzAVa/crrS0JDPQljyBG/RpOtaSbyDq03VHa9szJWMaWOYU/bcTn412uMN2MxApXq8v79cUiQ==}
    engines: {node: ^10.14.2 || >=12.0.0}

  locate-path@6.0.0:
    resolution: {integrity: sha512-iPZK6eYjbxRu3uB4/WZ3EsEIMJFMqAoopl3R+zuq0UjcAm/MO6KCweDgPfP3elTztoKP3KtnVHxTn2NHBSDVUw==}
    engines: {node: '>=10'}

  lru-cache@10.4.3:
    resolution: {integrity: sha512-JNAzZcXrCt42VGLuYz0zfAzDfAvJWW6AfYlDBQyDV5DClI2m5sAmK+OIO7s59XfsRsWHp02jAJrRadPRGTt6SQ==}

  magic-string@0.25.9:
    resolution: {integrity: sha512-RmF0AsMzgt25qzqqLc1+MbHmhdx0ojF2Fvs4XnOqz2ZOBXzzkEwc/dJQZCYHAn7v1jbVOjAZfK8msRn4BxO4VQ==}

  make-dir@4.0.0:
    resolution: {integrity: sha512-hXdUTZYIVOt1Ex//jAQi+wTZZpUpwBj/0QsOzqegb3rGMMeJiSEu5xLHnYfBrRV4RH2+OCSOO95Is/7x1WJ4bw==}
    engines: {node: '>=10'}

  minimatch@9.0.5:
    resolution: {integrity: sha512-G6T0ZX48xgozx7587koeX9Ys2NYy6Gmv//P89sEte9V9whIapMNF4idKxnW2QtCcLiTWlb/wfCabAtAFWhhBow==}
    engines: {node: '>=16 || 14 >=14.17'}

  minipass@7.1.2:
    resolution: {integrity: sha512-qOOzS1cBTWYF4BH8fVePDBOO9iptMnGUEZwNc/cMWnTV2nVLZ7VoNWEPHkYczZA0pdoA7dl6e7FL659nX9S2aw==}
    engines: {node: '>=16 || 14 >=14.17'}

  p-limit@3.1.0:
    resolution: {integrity: sha512-TYOanM3wGwNGsZN2cVTYPArw454xnXj5qmWF1bEoAc4+cU/ol7GVh7odevjp1FNHduHc3KZMcFduxU5Xc6uJRQ==}
    engines: {node: '>=10'}

  p-locate@5.0.0:
    resolution: {integrity: sha512-LaNjtRWUBY++zB5nE/NwcaoMylSPk+S+ZHNB1TzdbMJMny6dynpAGt7X/tl/QYq3TIeE6nxHppbo2LGymrG5Pw==}
    engines: {node: '>=10'}

  package-json-from-dist@1.0.1:
    resolution: {integrity: sha512-UEZIS3/by4OC8vL3P2dTXRETpebLI2NiI5vIrjaD/5UtrkFX/tNbwjTSRAGC/+7CAo2pIcBaRgWmcBBHcsaCIw==}

  path-exists@4.0.0:
    resolution: {integrity: sha512-ak9Qy5Q7jYb2Wwcey5Fpvg2KoAc/ZIhLSLOSBmRmygPsGwkVVt0fZa0qrtMz+m6tJTAHfZQ8FnmB4MG4LWy7/w==}
    engines: {node: '>=8'}

  path-key@3.1.1:
    resolution: {integrity: sha512-ojmeN0qd+y0jszEtoY48r0Peq5dwMEkIlCOu6Q5f41lfkswXuKtYrhgoTpLnyIcHm24Uhqx+5Tqm2InSwLhE6Q==}
    engines: {node: '>=8'}

  path-scurry@1.11.1:
    resolution: {integrity: sha512-Xa4Nw17FS9ApQFJ9umLiJS4orGjm7ZzwUrwamcGQuHSzDyth9boKDaycYdDcZDuqYATXw4HFXgaqWTctW/v1HA==}
    engines: {node: '>=16 || 14 >=14.18'}

  perf-regexes@1.0.1:
    resolution: {integrity: sha512-L7MXxUDtqr4PUaLFCDCXBfGV/6KLIuSEccizDI7JxT+c9x1G1v04BQ4+4oag84SHaCdrBgQAIs/Cqn+flwFPng==}
    engines: {node: '>=6.14'}

  require-directory@2.1.1:
    resolution: {integrity: sha512-fGxEI7+wsG9xrvdjsrlmL22OMTTiHRwAMroiEeMgq8gzoLC/PQr7RsRDSTLUg/bZAZtF+TVIkHc6/4RIKrui+Q==}
    engines: {node: '>=0.10.0'}

  rollup-plugin-cleanup@3.2.1:
    resolution: {integrity: sha512-zuv8EhoO3TpnrU8MX8W7YxSbO4gmOR0ny06Lm3nkFfq0IVKdBUtHwhVzY1OAJyNCIAdLiyPnOrU0KnO0Fri1GQ==}
    engines: {node: ^10.14.2 || >=12.0.0}
    peerDependencies:
      rollup: '>=2.0'

  rollup-plugin-swc-minify@1.3.0:
    resolution: {integrity: sha512-fRZAxYZlyL+cyfkhu6aeV69qkdswT0ne1go6dKIBP5twfl+ARRMfp1tdl31j8Cb+z+BM05EpVEiniQFALvZGQw==}
    engines: {node: '>= 14.18'}
    peerDependencies:
      rollup: ^2 || ^3 || ^4

  rollup-pluginutils@2.8.2:
    resolution: {integrity: sha512-EEp9NhnUkwY8aif6bxgovPHMoMoNr2FulJziTndpt5H9RdwC47GSGuII9XxpSdzVGM0GWrNPHV6ie1LTNJPaLQ==}

  rollup@4.44.1:
    resolution: {integrity: sha512-x8H8aPvD+xbl0Do8oez5f5o8eMS3trfCghc4HhLAnCkj7Vl0d1JWGs0UF/D886zLW2rOj2QymV/JcSSsw+XDNg==}
    engines: {node: '>=18.0.0', npm: '>=8.0.0'}
    hasBin: true

  semver@7.7.2:
    resolution: {integrity: sha512-RF0Fw+rO5AMf9MAyaRXI4AV0Ulj5lMHqVxxdSgiVbixSCXoEmmX/jk0CuJw4+3SqroYO9VoUh+HcuJivvtJemA==}
    engines: {node: '>=10'}
    hasBin: true

  shebang-command@2.0.0:
    resolution: {integrity: sha512-kHxr2zZpYtdmrN1qDjrrX/Z1rR1kG8Dx+gkpK1G4eXmvXswmcE1hTWBWYUzlraYw1/yZp6YuDY77YtvbN0dmDA==}
    engines: {node: '>=8'}

  shebang-regex@3.0.0:
    resolution: {integrity: sha512-7++dFhtcx3353uBaq8DDR4NuxBetBzC7ZQOhmTQInHEd6bSrXdiEyzCvG07Z44UYdLShWUyXt5M/yhz8ekcb1A==}
    engines: {node: '>=8'}

  signal-exit@4.1.0:
    resolution: {integrity: sha512-bzyZ1e88w9O1iNJbKnOlvYTrWPDl46O1bG0D3XInv+9tkPrxrN8jUUTiFlDkkmKWgn1M6CfIA13SuGqOa9Korw==}
    engines: {node: '>=14'}

  skip-regex@1.0.2:
    resolution: {integrity: sha512-pEjMUbwJ5Pl/6Vn6FsamXHXItJXSRftcibixDmNCWbWhic0hzHrwkMZo0IZ7fMRH9KxcWDFSkzhccB4285PutA==}
    engines: {node: '>=4.2'}

  sourcemap-codec@1.4.8:
    resolution: {integrity: sha512-9NykojV5Uih4lgo5So5dtw+f0JgJX30KCNI8gwhz2J9A15wD0Ml6tjHKwf6fTSa6fAdVBdZeNOs9eJ71qCk8vA==}
    deprecated: Please use @jridgewell/sourcemap-codec instead

  sprintf-js@1.1.3:
    resolution: {integrity: sha512-Oo+0REFV59/rz3gfJNKQiBlwfHaSESl1pcGyABQsnnIfWOFt6JNj5gCog2U6MLZ//IGYD+nA8nI+mTShREReaA==}

  string-width@4.2.3:
    resolution: {integrity: sha512-wKyQRQpjJ0sIp62ErSZdGsjMJWsap5oRNihHhu6G7JVO/9jIB6UyevL+tXuOqrng8j/cxKTWyWUwvSTriiZz/g==}
    engines: {node: '>=8'}

  string-width@5.1.2:
    resolution: {integrity: sha512-HnLOCR3vjcY8beoNLtcjZ5/nxn2afmME6lhrDrebokqMap+XbeW8n9TXpPDOqdGK5qcI3oT0GKTW6wC7EMiVqA==}
    engines: {node: '>=12'}

  strip-ansi@6.0.1:
    resolution: {integrity: sha512-Y38VPSHcqkFrCpFnQ9vuSXmquuv5oXOKpGeT6aGrr3o3Gc9AlVa6JBfUSOCnbxGGZF+/0ooI7KrPuUSztUdU5A==}
    engines: {node: '>=8'}

  strip-ansi@7.1.0:
    resolution: {integrity: sha512-iq6eVVI64nQQTRYq2KtEg2d2uU7LElhTJwsH4YzIHZshxlgZms/wIc4VoDQTlG/IvVIrBKG06CrZnp0qv7hkcQ==}
    engines: {node: '>=12'}

  supports-color@7.2.0:
    resolution: {integrity: sha512-qpCAvRl9stuOHveKsn7HncJRvv501qIacKzQlO/+Lwxc9+0q2wLyv4Dfvt80/DPn2pqOBsJdDiogXGR9+OvwRw==}
    engines: {node: '>=8'}

  tehanu-repo-coco@1.0.1:
    resolution: {integrity: sha512-o99vRIkV3dclvW+KF+EgbrGoXyxxVwSPY2I7nm1MEltG51LvEsnaAoDqwNa6IeCd19UgKipBq2xzZHAYjHbTLg==}
    engines: {node: '>=14.13'}

  tehanu-teru@1.0.1:
    resolution: {integrity: sha512-guWa9B2lnBpw/kiiSYYIuaoc0HcsXq05RFEP6D/0QNqctv5Q9Ycv1jEJtXeediaaE01qmFUxz0dj5HBSKAhHjQ==}
    engines: {node: '>=14.13'}
    hasBin: true
    peerDependencies:
      tehanu: ^1.0.0

  tehanu@1.0.1:
    resolution: {integrity: sha512-Ky9M6g/G/b+JI60CRvwLhMsxso8Ki3JQjY0m+p0uFX+3qozTE5EfanAeEp/6fKfeDmJp/8uA4zCCLYYH8zLhyA==}
    engines: {node: '>=12'}

  test-exclude@7.0.1:
    resolution: {integrity: sha512-pFYqmTw68LXVjeWJMST4+borgQP2AyMNbg1BpZh9LbyhUeNkeaPF9gzfPGUAnSMV3qPYdWUwDIjjCLiSDOl7vg==}
    engines: {node: '>=18'}

  tiny-glob@0.2.9:
    resolution: {integrity: sha512-g/55ssRPUjShh+xkfx9UPDXqhckHEsHr4Vd9zX55oSdGZc/MD0m3sferOkwWtp98bv+kcVfEHtRJgBVJzelrzg==}

  typescript@5.8.3:
    resolution: {integrity: sha512-p1diW6TqL9L07nNxvRMM7hMMw4c5XOo/1ibL4aAIGmSAt9slTE1Xgw5KWuof2uTOvCg9BY7ZRi+GaF+7sfgPeQ==}
    engines: {node: '>=14.17'}
    hasBin: true

  v8-to-istanbul@9.3.0:
    resolution: {integrity: sha512-kiGUalWN+rgBJ/1OHZsBtU4rXZOfj/7rKQxULKlIzwzQSvMJUUNgPwJEEh7gU6xEVxC0ahoOBvN2YI8GH6FNgA==}
    engines: {node: '>=10.12.0'}

  which@2.0.2:
    resolution: {integrity: sha512-BLI3Tl1TW3Pvl70l3yq3Y64i+awpwXqsGBYWkkqMtnbXgrMD+yj7rhW0kuEDxzJaYXGjEW5ogapKNMEKNMjibA==}
    engines: {node: '>= 8'}
    hasBin: true

  wrap-ansi@7.0.0:
    resolution: {integrity: sha512-YVGIj2kamLSTxw6NsZjoBxfSwsn0ycdesmc4p+Q21c5zPuZ1pl+NfxVdxPtdHvmNVOQ6XSYG4AUtyt/Fi7D16Q==}
    engines: {node: '>=10'}

  wrap-ansi@8.1.0:
    resolution: {integrity: sha512-si7QWI6zUMq56bESFvagtmzMdGOtoxfR+Sez11Mobfc7tm+VkUckk9bW2UeffTGVUbOksxmSw0AA2gs8g71NCQ==}
    engines: {node: '>=12'}

  y18n@5.0.8:
    resolution: {integrity: sha512-0pfFzegeDWJHJIAmTLRP2DwHjdF5s7jo9tuztdQxAhINCdvS+3nGINqPd00AphqJR/0LhANUS6/+7SCb98YOfA==}
    engines: {node: '>=10'}

  yargs-parser@21.1.1:
    resolution: {integrity: sha512-tVpsJW7DdjecAiFpbIB1e3qxIQsE6NoPc5/eTdrbbIC4h0LVsWhnoa3g+m2HclBIujHzsxZ4VJVA+GUuc2/LBw==}
    engines: {node: '>=12'}

  yargs@17.7.2:
    resolution: {integrity: sha512-7dSzzRQ++CKnNI/krKnYRV7JKKPUXMEh61soaHKg9mrWEhzFWhFnxPxGl+69cD1Ou63C13NUPCnmIcrvqCuM6w==}
    engines: {node: '>=12'}

  yocto-queue@0.1.0:
    resolution: {integrity: sha512-rVksvsnNCdJ/ohGc6xgPwyN8eheCxsiLM8mxuE/t/mOVqJewPuO1miLpTHQiRgTKCLexL4MeAFVagts7HmNZ2Q==}
    engines: {node: '>=10'}

snapshots:

  '@bcoe/v8-coverage@1.0.2': {}

  '@biomejs/biome@2.0.5':
    optionalDependencies:
      '@biomejs/cli-darwin-arm64': 2.0.5
      '@biomejs/cli-darwin-x64': 2.0.5
      '@biomejs/cli-linux-arm64': 2.0.5
      '@biomejs/cli-linux-arm64-musl': 2.0.5
      '@biomejs/cli-linux-x64': 2.0.5
      '@biomejs/cli-linux-x64-musl': 2.0.5
      '@biomejs/cli-win32-arm64': 2.0.5
      '@biomejs/cli-win32-x64': 2.0.5

  '@biomejs/cli-darwin-arm64@2.0.5':
    optional: true

  '@biomejs/cli-darwin-x64@2.0.5':
    optional: true

  '@biomejs/cli-linux-arm64-musl@2.0.5':
    optional: true

  '@biomejs/cli-linux-arm64@2.0.5':
    optional: true

  '@biomejs/cli-linux-x64-musl@2.0.5':
    optional: true

  '@biomejs/cli-linux-x64@2.0.5':
    optional: true

  '@biomejs/cli-win32-arm64@2.0.5':
    optional: true

  '@biomejs/cli-win32-x64@2.0.5':
    optional: true

  '@isaacs/cliui@8.0.2':
    dependencies:
      string-width: 5.1.2
      string-width-cjs: string-width@4.2.3
      strip-ansi: 7.1.0
      strip-ansi-cjs: strip-ansi@6.0.1
      wrap-ansi: 8.1.0
      wrap-ansi-cjs: wrap-ansi@7.0.0

  '@istanbuljs/schema@0.1.3': {}

  '@jridgewell/resolve-uri@3.1.2': {}

  '@jridgewell/sourcemap-codec@1.5.0': {}

  '@jridgewell/trace-mapping@0.3.25':
    dependencies:
      '@jridgewell/resolve-uri': 3.1.2
      '@jridgewell/sourcemap-codec': 1.5.0

  '@pkgjs/parseargs@0.11.0':
    optional: true

  '@rollup/rollup-android-arm-eabi@4.44.1':
    optional: true

  '@rollup/rollup-android-arm64@4.44.1':
    optional: true

  '@rollup/rollup-darwin-arm64@4.44.1':
    optional: true

  '@rollup/rollup-darwin-x64@4.44.1':
    optional: true

  '@rollup/rollup-freebsd-arm64@4.44.1':
    optional: true

  '@rollup/rollup-freebsd-x64@4.44.1':
    optional: true

  '@rollup/rollup-linux-arm-gnueabihf@4.44.1':
    optional: true

  '@rollup/rollup-linux-arm-musleabihf@4.44.1':
    optional: true

  '@rollup/rollup-linux-arm64-gnu@4.44.1':
    optional: true

  '@rollup/rollup-linux-arm64-musl@4.44.1':
    optional: true

  '@rollup/rollup-linux-loongarch64-gnu@4.44.1':
    optional: true

  '@rollup/rollup-linux-powerpc64le-gnu@4.44.1':
    optional: true

  '@rollup/rollup-linux-riscv64-gnu@4.44.1':
    optional: true

  '@rollup/rollup-linux-riscv64-musl@4.44.1':
    optional: true

  '@rollup/rollup-linux-s390x-gnu@4.44.1':
    optional: true

  '@rollup/rollup-linux-x64-gnu@4.44.1':
    optional: true

  '@rollup/rollup-linux-x64-musl@4.44.1':
    optional: true

  '@rollup/rollup-win32-arm64-msvc@4.44.1':
    optional: true

  '@rollup/rollup-win32-ia32-msvc@4.44.1':
    optional: true

  '@rollup/rollup-win32-x64-msvc@4.44.1':
    optional: true

  '@swc/core-darwin-arm64@1.12.7':
    optional: true

  '@swc/core-darwin-x64@1.12.7':
    optional: true

  '@swc/core-linux-arm-gnueabihf@1.12.7':
    optional: true

  '@swc/core-linux-arm64-gnu@1.12.7':
    optional: true

  '@swc/core-linux-arm64-musl@1.12.7':
    optional: true

  '@swc/core-linux-x64-gnu@1.12.7':
    optional: true

  '@swc/core-linux-x64-musl@1.12.7':
    optional: true

  '@swc/core-win32-arm64-msvc@1.12.7':
    optional: true

  '@swc/core-win32-ia32-msvc@1.12.7':
    optional: true

  '@swc/core-win32-x64-msvc@1.12.7':
    optional: true

  '@swc/core@1.12.7':
    dependencies:
      '@swc/counter': 0.1.3
      '@swc/types': 0.1.23
    optionalDependencies:
      '@swc/core-darwin-arm64': 1.12.7
      '@swc/core-darwin-x64': 1.12.7
      '@swc/core-linux-arm-gnueabihf': 1.12.7
      '@swc/core-linux-arm64-gnu': 1.12.7
      '@swc/core-linux-arm64-musl': 1.12.7
      '@swc/core-linux-x64-gnu': 1.12.7
      '@swc/core-linux-x64-musl': 1.12.7
      '@swc/core-win32-arm64-msvc': 1.12.7
      '@swc/core-win32-ia32-msvc': 1.12.7
      '@swc/core-win32-x64-msvc': 1.12.7

  '@swc/counter@0.1.3': {}

  '@swc/types@0.1.23':
    dependencies:
      '@swc/counter': 0.1.3

  '@types/estree@1.0.8': {}

  '@types/istanbul-lib-coverage@2.0.6': {}

  ansi-regex@5.0.1: {}

  ansi-regex@6.1.0: {}

  ansi-styles@4.3.0:
    dependencies:
      color-convert: 2.0.1

  ansi-styles@6.2.1: {}

  balanced-match@1.0.2: {}

  brace-expansion@2.0.2:
    dependencies:
      balanced-match: 1.0.2

  c8@10.1.3:
    dependencies:
      '@bcoe/v8-coverage': 1.0.2
      '@istanbuljs/schema': 0.1.3
      find-up: 5.0.0
      foreground-child: 3.3.1
      istanbul-lib-coverage: 3.2.2
      istanbul-lib-report: 3.0.1
      istanbul-reports: 3.1.7
      test-exclude: 7.0.1
      v8-to-istanbul: 9.3.0
      yargs: 17.7.2
      yargs-parser: 21.1.1

  cliui@8.0.1:
    dependencies:
      string-width: 4.2.3
      strip-ansi: 6.0.1
      wrap-ansi: 7.0.0

  color-convert@2.0.1:
    dependencies:
      color-name: 1.1.4

  color-name@1.1.4: {}

  convert-source-map@2.0.0: {}

  cross-spawn@7.0.6:
    dependencies:
      path-key: 3.1.1
      shebang-command: 2.0.0
      which: 2.0.2

  eastasianwidth@0.2.0: {}

  emoji-regex@8.0.0: {}

  emoji-regex@9.2.2: {}

  escalade@3.2.0: {}

  estree-walker@0.6.1: {}

  find-up@5.0.0:
    dependencies:
      locate-path: 6.0.0
      path-exists: 4.0.0

  foreground-child@3.3.1:
    dependencies:
      cross-spawn: 7.0.6
      signal-exit: 4.1.0

  fsevents@2.3.3:
    optional: true

  get-caller-file@2.0.5: {}

  glob@10.4.5:
    dependencies:
      foreground-child: 3.3.1
      jackspeak: 3.4.3
      minimatch: 9.0.5
      minipass: 7.1.2
      package-json-from-dist: 1.0.1
      path-scurry: 1.11.1

  globalyzer@0.1.0: {}

  globrex@0.1.2: {}

  has-flag@4.0.0: {}

  html-escaper@2.0.2: {}

  is-fullwidth-code-point@3.0.0: {}

  isexe@2.0.0: {}

  istanbul-lib-coverage@3.2.2: {}

  istanbul-lib-report@3.0.1:
    dependencies:
      istanbul-lib-coverage: 3.2.2
      make-dir: 4.0.0
      supports-color: 7.2.0

  istanbul-reports@3.1.7:
    dependencies:
      html-escaper: 2.0.2
      istanbul-lib-report: 3.0.1

  jackspeak@3.4.3:
    dependencies:
      '@isaacs/cliui': 8.0.2
    optionalDependencies:
      '@pkgjs/parseargs': 0.11.0

  js-cleanup@1.2.0:
    dependencies:
      magic-string: 0.25.9
      perf-regexes: 1.0.1
      skip-regex: 1.0.2

  locate-path@6.0.0:
    dependencies:
      p-locate: 5.0.0

  lru-cache@10.4.3: {}

  magic-string@0.25.9:
    dependencies:
      sourcemap-codec: 1.4.8

  make-dir@4.0.0:
    dependencies:
      semver: 7.7.2

  minimatch@9.0.5:
    dependencies:
      brace-expansion: 2.0.2

  minipass@7.1.2: {}

  p-limit@3.1.0:
    dependencies:
      yocto-queue: 0.1.0

  p-locate@5.0.0:
    dependencies:
      p-limit: 3.1.0

  package-json-from-dist@1.0.1: {}

  path-exists@4.0.0: {}

  path-key@3.1.1: {}

  path-scurry@1.11.1:
    dependencies:
      lru-cache: 10.4.3
      minipass: 7.1.2

  perf-regexes@1.0.1: {}

  require-directory@2.1.1: {}

  rollup-plugin-cleanup@3.2.1(rollup@4.44.1):
    dependencies:
      js-cleanup: 1.2.0
      rollup: 4.44.1
      rollup-pluginutils: 2.8.2

  rollup-plugin-swc-minify@1.3.0(rollup@4.44.1):
    dependencies:
      '@swc/core': 1.12.7
      rollup: 4.44.1
    transitivePeerDependencies:
      - '@swc/helpers'

  rollup-pluginutils@2.8.2:
    dependencies:
      estree-walker: 0.6.1

  rollup@4.44.1:
    dependencies:
      '@types/estree': 1.0.8
    optionalDependencies:
      '@rollup/rollup-android-arm-eabi': 4.44.1
      '@rollup/rollup-android-arm64': 4.44.1
      '@rollup/rollup-darwin-arm64': 4.44.1
      '@rollup/rollup-darwin-x64': 4.44.1
      '@rollup/rollup-freebsd-arm64': 4.44.1
      '@rollup/rollup-freebsd-x64': 4.44.1
      '@rollup/rollup-linux-arm-gnueabihf': 4.44.1
      '@rollup/rollup-linux-arm-musleabihf': 4.44.1
      '@rollup/rollup-linux-arm64-gnu': 4.44.1
      '@rollup/rollup-linux-arm64-musl': 4.44.1
      '@rollup/rollup-linux-loongarch64-gnu': 4.44.1
      '@rollup/rollup-linux-powerpc64le-gnu': 4.44.1
      '@rollup/rollup-linux-riscv64-gnu': 4.44.1
      '@rollup/rollup-linux-riscv64-musl': 4.44.1
      '@rollup/rollup-linux-s390x-gnu': 4.44.1
      '@rollup/rollup-linux-x64-gnu': 4.44.1
      '@rollup/rollup-linux-x64-musl': 4.44.1
      '@rollup/rollup-win32-arm64-msvc': 4.44.1
      '@rollup/rollup-win32-ia32-msvc': 4.44.1
      '@rollup/rollup-win32-x64-msvc': 4.44.1
      fsevents: 2.3.3

  semver@7.7.2: {}

  shebang-command@2.0.0:
    dependencies:
      shebang-regex: 3.0.0

  shebang-regex@3.0.0: {}

  signal-exit@4.1.0: {}

  skip-regex@1.0.2: {}

  sourcemap-codec@1.4.8: {}

  sprintf-js@1.1.3: {}

  string-width@4.2.3:
    dependencies:
      emoji-regex: 8.0.0
      is-fullwidth-code-point: 3.0.0
      strip-ansi: 6.0.1

  string-width@5.1.2:
    dependencies:
      eastasianwidth: 0.2.0
      emoji-regex: 9.2.2
      strip-ansi: 7.1.0

  strip-ansi@6.0.1:
    dependencies:
      ansi-regex: 5.0.1

  strip-ansi@7.1.0:
    dependencies:
      ansi-regex: 6.1.0

  supports-color@7.2.0:
    dependencies:
      has-flag: 4.0.0

  tehanu-repo-coco@1.0.1: {}

  tehanu-teru@1.0.1(tehanu@1.0.1):
    dependencies:
      tehanu: 1.0.1
      tiny-glob: 0.2.9

  tehanu@1.0.1: {}

  test-exclude@7.0.1:
    dependencies:
      '@istanbuljs/schema': 0.1.3
      glob: 10.4.5
      minimatch: 9.0.5

  tiny-glob@0.2.9:
    dependencies:
      globalyzer: 0.1.0
      globrex: 0.1.2

  typescript@5.8.3: {}

  v8-to-istanbul@9.3.0:
    dependencies:
      '@jridgewell/trace-mapping': 0.3.25
      '@types/istanbul-lib-coverage': 2.0.6
      convert-source-map: 2.0.0

  which@2.0.2:
    dependencies:
      isexe: 2.0.0

  wrap-ansi@7.0.0:
    dependencies:
      ansi-styles: 4.3.0
      string-width: 4.2.3
      strip-ansi: 6.0.1

  wrap-ansi@8.1.0:
    dependencies:
      ansi-styles: 6.2.1
      string-width: 5.1.2
      strip-ansi: 7.1.0

  y18n@5.0.8: {}

  yargs-parser@21.1.1: {}

  yargs@17.7.2:
    dependencies:
      cliui: 8.0.1
      escalade: 3.2.0
      get-caller-file: 2.0.5
      require-directory: 2.1.1
      string-width: 4.2.3
      y18n: 5.0.8
      yargs-parser: 21.1.1

  yocto-queue@0.1.0: {}
